{
  "requires": true,
  "lockfileVersion": 1,
  "dependencies": {
    "node-stdio": {
      "version": "0.0.7",
      "resolved": "https://registry.npmjs.org/node-stdio/-/node-stdio-0.0.7.tgz",
      "integrity": "sha1-Yjaidfb5ORGlrKR1Z3CmMhVFsZ4="
    },
    "stdio": {
      "version": "2.1.1",
      "resolved": "https://registry.npmjs.org/stdio/-/stdio-2.1.1.tgz",
      "integrity": "sha512-ZHO7SD10nZnc2pMN85MPPTCKutXPKH+7Z50B7zt/JRNAHXLbI3BidMc9HFD/j2VupZ8lQdSVJB0ebZSVXC6uXw=="
    }
  }
}
